
Microsoft Visual Studio Solution File, Format Version 12.00
# Visual Studio 2012
Project("{FAE04EC0-301F-11D3-BF4B-00C04F79EFBC}") = "Menus Demo", "Menus Demo\Menus Demo.csproj", "{FE69C40A-4797-4B2B-9ADE-436F7066CFB4}"
EndProject
Global
	GlobalSection(SolutionConfigurationPlatforms) = preSolution
		Debug|Any CPU = Debug|Any CPU
		Release|Any CPU = Release|Any CPU
	EndGlobalSection
	GlobalSection(ProjectConfigurationPlatforms) = postSolution
		{FE69C40A-4797-4B2B-9ADE-436F7066CFB4}.Debug|Any CPU.ActiveCfg = Debug|Any CPU
		{FE69C40A-4797-4B2B-9ADE-436F7066CFB4}.Debug|Any CPU.Build.0 = Debug|Any CPU
		{FE69C40A-4797-4B2B-9ADE-436F7066CFB4}.Release|Any CPU.ActiveCfg = Release|Any CPU
		{FE69C40A-4797-4B2B-9ADE-436F7066CFB4}.Release|Any CPU.Build.0 = Release|Any CPU
	EndGlobalSection
	GlobalSection(SolutionProperties) = preSolution
		HideSolutionNode = FALSE
	EndGlobalSection
EndGlobal
